{
  "name": "rahul",
  "lockfileVersion": 3,
  "requires": true,
  "packages": {
    "": {
      "dependencies": {
        "nepali-date-converter": "^3.4.0"
      }
    },
    "node_modules/nepali-date-converter": {
      "version": "3.4.0",
      "resolved": "https://registry.npmjs.org/nepali-date-converter/-/nepali-date-converter-3.4.0.tgz",
      "integrity": "sha512-hBojNXCQN69I533CnxNubl72uNx2Zcow9t2bOML3CxXv227s7NKA2kStUGO5xysg0SwsubTTxAO6tcg9IhS61w==",
      "license": "MIT",
      "engines": {
        "node": ">=6.0.0"
      }
    }
  }
}
